
Microsoft Visual Studio Solution File, Format Version 12.00
# Visual Studio Version 16
VisualStudioVersion = 16.0.31605.320
MinimumVisualStudioVersion = 10.0.40219.1
Project("{FAE04EC0-301F-11D3-BF4B-00C04F79EFBC}") = "DepositCalculatorTask", "DepositCalculatorTask\DepositCalculatorTask.csproj", "{F2907473-1807-4173-8030-F5789968DEF0}"
EndProject
Global
	GlobalSection(SolutionConfigurationPlatforms) = preSolution
		Debug|Any CPU = Debug|Any CPU
		Release|Any CPU = Release|Any CPU
	EndGlobalSection
	GlobalSection(ProjectConfigurationPlatforms) = postSolution
		{F2907473-1807-4173-8030-F5789968DEF0}.Debug|Any CPU.ActiveCfg = Debug|Any CPU
		{F2907473-1807-4173-8030-F5789968DEF0}.Debug|Any CPU.Build.0 = Debug|Any CPU
		{F2907473-1807-4173-8030-F5789968DEF0}.Release|Any CPU.ActiveCfg = Release|Any CPU
		{F2907473-1807-4173-8030-F5789968DEF0}.Release|Any CPU.Build.0 = Release|Any CPU
	EndGlobalSection
	GlobalSection(SolutionProperties) = preSolution
		HideSolutionNode = FALSE
	EndGlobalSection
	GlobalSection(ExtensibilityGlobals) = postSolution
		SolutionGuid = {5BD2A5A3-6F30-41B6-8EA5-04514BB05F98}
	EndGlobalSection
EndGlobal
